
Microsoft Visual Studio Solution File, Format Version 12.00
# Visual Studio Version 17
VisualStudioVersion = 17.12.35527.113 d17.12
MinimumVisualStudioVersion = 10.0.40219.1
Project("{FAE04EC0-301F-11D3-BF4B-00C04F79EFBC}") = "HomeTask_4", "HomeTask_4.csproj", "{5A878381-90A2-400F-9E91-29C238ACB9D1}"
EndProject
Project("{FAE04EC0-301F-11D3-BF4B-00C04F79EFBC}") = "Weapon", "..\Weapon\Weapon.csproj", "{01E95817-7F10-4279-AED4-932658E4B8AE}"
EndProject
Global
	GlobalSection(SolutionConfigurationPlatforms) = preSolution
		Debug|Any CPU = Debug|Any CPU
		Release|Any CPU = Release|Any CPU
	EndGlobalSection
	GlobalSection(ProjectConfigurationPlatforms) = postSolution
		{5A878381-90A2-400F-9E91-29C238ACB9D1}.Debug|Any CPU.ActiveCfg = Debug|Any CPU
		{5A878381-90A2-400F-9E91-29C238ACB9D1}.Debug|Any CPU.Build.0 = Debug|Any CPU
		{5A878381-90A2-400F-9E91-29C238ACB9D1}.Release|Any CPU.ActiveCfg = Release|Any CPU
		{5A878381-90A2-400F-9E91-29C238ACB9D1}.Release|Any CPU.Build.0 = Release|Any CPU
		{01E95817-7F10-4279-AED4-932658E4B8AE}.Debug|Any CPU.ActiveCfg = Debug|Any CPU
		{01E95817-7F10-4279-AED4-932658E4B8AE}.Debug|Any CPU.Build.0 = Debug|Any CPU
		{01E95817-7F10-4279-AED4-932658E4B8AE}.Release|Any CPU.ActiveCfg = Release|Any CPU
		{01E95817-7F10-4279-AED4-932658E4B8AE}.Release|Any CPU.Build.0 = Release|Any CPU
	EndGlobalSection
	GlobalSection(SolutionProperties) = preSolution
		HideSolutionNode = FALSE
	EndGlobalSection
EndGlobal
